
Microsoft Visual Studio Solution File, Format Version 12.00
# Visual Studio Version 16
VisualStudioVersion = 16.0.28714.193
MinimumVisualStudioVersion = 10.0.40219.1
Project("{9A19103F-16F7-4668-BE54-9A1E7A4F7556}") = "IntelligentServices.BlazorExample.Server", "IntelligentServices.BlazorExample.Server\IntelligentServices.BlazorExample.Server.csproj", "{C7457F75-0DCD-4A60-9F5E-55E1D6E217FA}"
EndProject
Project("{9A19103F-16F7-4668-BE54-9A1E7A4F7556}") = "IntelligentServices.BlazorExample.Client", "IntelligentServices.BlazorExample.Client\IntelligentServices.BlazorExample.Client.csproj", "{514509F5-3B57-47BB-B7EF-3CB23BD082D2}"
EndProject
Project("{9A19103F-16F7-4668-BE54-9A1E7A4F7556}") = "IntelligentServices.BlazorExample.Shared", "IntelligentServices.BlazorExample.Shared\IntelligentServices.BlazorExample.Shared.csproj", "{870350B9-38FE-4919-8143-F0BC0F42E0AA}"
EndProject
Project("{9A19103F-16F7-4668-BE54-9A1E7A4F7556}") = "IntelligentServices.Server", "IntelligentServices.Server\IntelligentServices.Server.csproj", "{9834E3BD-BC98-423E-A61B-B2D4653AE7C3}"
EndProject
Project("{9A19103F-16F7-4668-BE54-9A1E7A4F7556}") = "IntelligentServices.Shared", "IntelligentServices.Shared\IntelligentServices.Shared.csproj", "{3EF2957D-6DD3-48E5-8441-4048CFBF9A5D}"
EndProject
Project("{9A19103F-16F7-4668-BE54-9A1E7A4F7556}") = "IntelligentServices.Client", "IntelligentServices.Client\IntelligentServices.Client.csproj", "{CE1385A1-2633-4790-9618-12AD6849ED78}"
EndProject
Project("{9A19103F-16F7-4668-BE54-9A1E7A4F7556}") = "Blazored.Modal", "..\..\Modal\src\Blazored.Modal\Blazored.Modal.csproj", "{D8405460-BA59-4A26-AF6E-63AF7E2DB077}"
EndProject
Global
	GlobalSection(SolutionConfigurationPlatforms) = preSolution
		Debug|Any CPU = Debug|Any CPU
		Release|Any CPU = Release|Any CPU
	EndGlobalSection
	GlobalSection(ProjectConfigurationPlatforms) = postSolution
		{C7457F75-0DCD-4A60-9F5E-55E1D6E217FA}.Debug|Any CPU.ActiveCfg = Debug|Any CPU
		{C7457F75-0DCD-4A60-9F5E-55E1D6E217FA}.Debug|Any CPU.Build.0 = Debug|Any CPU
		{C7457F75-0DCD-4A60-9F5E-55E1D6E217FA}.Release|Any CPU.ActiveCfg = Release|Any CPU
		{C7457F75-0DCD-4A60-9F5E-55E1D6E217FA}.Release|Any CPU.Build.0 = Release|Any CPU
		{514509F5-3B57-47BB-B7EF-3CB23BD082D2}.Debug|Any CPU.ActiveCfg = Debug|Any CPU
		{514509F5-3B57-47BB-B7EF-3CB23BD082D2}.Debug|Any CPU.Build.0 = Debug|Any CPU
		{514509F5-3B57-47BB-B7EF-3CB23BD082D2}.Release|Any CPU.ActiveCfg = Release|Any CPU
		{514509F5-3B57-47BB-B7EF-3CB23BD082D2}.Release|Any CPU.Build.0 = Release|Any CPU
		{870350B9-38FE-4919-8143-F0BC0F42E0AA}.Debug|Any CPU.ActiveCfg = Debug|Any CPU
		{870350B9-38FE-4919-8143-F0BC0F42E0AA}.Debug|Any CPU.Build.0 = Debug|Any CPU
		{870350B9-38FE-4919-8143-F0BC0F42E0AA}.Release|Any CPU.ActiveCfg = Release|Any CPU
		{870350B9-38FE-4919-8143-F0BC0F42E0AA}.Release|Any CPU.Build.0 = Release|Any CPU
		{9834E3BD-BC98-423E-A61B-B2D4653AE7C3}.Debug|Any CPU.ActiveCfg = Debug|Any CPU
		{9834E3BD-BC98-423E-A61B-B2D4653AE7C3}.Debug|Any CPU.Build.0 = Debug|Any CPU
		{9834E3BD-BC98-423E-A61B-B2D4653AE7C3}.Release|Any CPU.ActiveCfg = Release|Any CPU
		{9834E3BD-BC98-423E-A61B-B2D4653AE7C3}.Release|Any CPU.Build.0 = Release|Any CPU
		{3EF2957D-6DD3-48E5-8441-4048CFBF9A5D}.Debug|Any CPU.ActiveCfg = Debug|Any CPU
		{3EF2957D-6DD3-48E5-8441-4048CFBF9A5D}.Debug|Any CPU.Build.0 = Debug|Any CPU
		{3EF2957D-6DD3-48E5-8441-4048CFBF9A5D}.Release|Any CPU.ActiveCfg = Release|Any CPU
		{3EF2957D-6DD3-48E5-8441-4048CFBF9A5D}.Release|Any CPU.Build.0 = Release|Any CPU
		{CE1385A1-2633-4790-9618-12AD6849ED78}.Debug|Any CPU.ActiveCfg = Debug|Any CPU
		{CE1385A1-2633-4790-9618-12AD6849ED78}.Debug|Any CPU.Build.0 = Debug|Any CPU
		{CE1385A1-2633-4790-9618-12AD6849ED78}.Release|Any CPU.ActiveCfg = Release|Any CPU
		{CE1385A1-2633-4790-9618-12AD6849ED78}.Release|Any CPU.Build.0 = Release|Any CPU
		{D8405460-BA59-4A26-AF6E-63AF7E2DB077}.Debug|Any CPU.ActiveCfg = Debug|Any CPU
		{D8405460-BA59-4A26-AF6E-63AF7E2DB077}.Debug|Any CPU.Build.0 = Debug|Any CPU
		{D8405460-BA59-4A26-AF6E-63AF7E2DB077}.Release|Any CPU.ActiveCfg = Release|Any CPU
		{D8405460-BA59-4A26-AF6E-63AF7E2DB077}.Release|Any CPU.Build.0 = Release|Any CPU
	EndGlobalSection
	GlobalSection(SolutionProperties) = preSolution
		HideSolutionNode = FALSE
	EndGlobalSection
	GlobalSection(ExtensibilityGlobals) = postSolution
		SolutionGuid = {2E43E391-B768-4EF6-904E-10DF02F3B1C4}
	EndGlobalSection
EndGlobal
